
Microsoft Visual Studio Solution File, Format Version 12.00
# Visual Studio Version 17
VisualStudioVersion = 17.12.35514.174 d17.12
MinimumVisualStudioVersion = 10.0.40219.1
Project("{FAE04EC0-301F-11D3-BF4B-00C04F79EFBC}") = "LuftbornAssesment.API", "LuftbornAssesment.API\LuftbornAssesment.API.csproj", "{A7506423-B8A6-474D-8BB5-D7EA42327E97}"
EndProject
Project("{FAE04EC0-301F-11D3-BF4B-00C04F79EFBC}") = "LuftbornAssesment.Domain", "LuftbornAssesment.Domain\LuftbornAssesment.Domain.csproj", "{2368EE21-DD88-4A67-8BCA-EA9BF259B7FA}"
EndProject
Project("{FAE04EC0-301F-11D3-BF4B-00C04F79EFBC}") = "LuftbornAssesment.Infrastructure.Sql", "LuftbornAssesment.Infrastructure.Sql\LuftbornAssesment.Infrastructure.Sql.csproj", "{7540444E-9EA5-43BD-8182-1A58DA8FA6CA}"
EndProject
Global
	GlobalSection(SolutionConfigurationPlatforms) = preSolution
		Debug|Any CPU = Debug|Any CPU
		Release|Any CPU = Release|Any CPU
	EndGlobalSection
	GlobalSection(ProjectConfigurationPlatforms) = postSolution
		{A7506423-B8A6-474D-8BB5-D7EA42327E97}.Debug|Any CPU.ActiveCfg = Debug|Any CPU
		{A7506423-B8A6-474D-8BB5-D7EA42327E97}.Debug|Any CPU.Build.0 = Debug|Any CPU
		{A7506423-B8A6-474D-8BB5-D7EA42327E97}.Release|Any CPU.ActiveCfg = Release|Any CPU
		{A7506423-B8A6-474D-8BB5-D7EA42327E97}.Release|Any CPU.Build.0 = Release|Any CPU
		{2368EE21-DD88-4A67-8BCA-EA9BF259B7FA}.Debug|Any CPU.ActiveCfg = Debug|Any CPU
		{2368EE21-DD88-4A67-8BCA-EA9BF259B7FA}.Debug|Any CPU.Build.0 = Debug|Any CPU
		{2368EE21-DD88-4A67-8BCA-EA9BF259B7FA}.Release|Any CPU.ActiveCfg = Release|Any CPU
		{2368EE21-DD88-4A67-8BCA-EA9BF259B7FA}.Release|Any CPU.Build.0 = Release|Any CPU
		{7540444E-9EA5-43BD-8182-1A58DA8FA6CA}.Debug|Any CPU.ActiveCfg = Debug|Any CPU
		{7540444E-9EA5-43BD-8182-1A58DA8FA6CA}.Debug|Any CPU.Build.0 = Debug|Any CPU
		{7540444E-9EA5-43BD-8182-1A58DA8FA6CA}.Release|Any CPU.ActiveCfg = Release|Any CPU
		{7540444E-9EA5-43BD-8182-1A58DA8FA6CA}.Release|Any CPU.Build.0 = Release|Any CPU
	EndGlobalSection
	GlobalSection(SolutionProperties) = preSolution
		HideSolutionNode = FALSE
	EndGlobalSection
EndGlobal
